<?xml version="1.0" encoding="utf-8"?>
<Project ToolsVersion="4.0" xmlns="http://schemas.microsoft.com/developer/msbuild/2003">
  <ItemGroup>
    <Filter Include="Fichiers sources">
      <UniqueIdentifier>{4FC737F1-C7A5-4376-A066-2A32D752A2FF}</UniqueIdentifier>
      <Extensions>cpp;c;cc;cxx;c++;cppm;ixx;def;odl;idl;hpj;bat;asm;asmx</Extensions>
    </Filter>
    <Filter Include="Fichiers d%27en-tête">
      <UniqueIdentifier>{93995380-89BD-4b04-88EB-625FBE52EBFB}</UniqueIdentifier>
      <Extensions>h;hh;hpp;hxx;h++;hm;inl;inc;ipp;xsd</Extensions>
    </Filter>
    <Filter Include="Fichiers de ressources">
      <UniqueIdentifier>{67DA6AB6-F800-4c08-8B7A-83BB121AAD01}</UniqueIdentifier>
      <Extensions>rc;ico;cur;bmp;dlg;rc2;rct;bin;rgs;gif;jpg;jpeg;jpe;resx;tiff;tif;png;wav;mfcribbon-ms</Extensions>
    </Filter>
    <Filter Include="Fichiers sources\ECS">
      <UniqueIdentifier>{7f27b335-9f69-4f4a-bf2a-83f8897b784f}</UniqueIdentifier>
    </Filter>
    <Filter Include="Fichiers sources\Level">
      <UniqueIdentifier>{41bd75c8-36d2-47bd-89a8-358236340776}</UniqueIdentifier>
    </Filter>
  </ItemGroup>
  <ItemGroup>
    <ClCompile Include="main.cpp">
      <Filter>Fichiers sources</Filter>
    </ClCompile>
    <ClCompile Include="Game.cpp">
      <Filter>Fichiers sources</Filter>
    </ClCompile>
    <ClCompile Include="TextureManager.cpp">
      <Filter>Fichiers sources</Filter>
    </ClCompile>
    <ClCompile Include="GameObject.cpp">
      <Filter>Fichiers sources</Filter>
    </ClCompile>
    <ClCompile Include="Map.cpp">
      <Filter>Fichiers sources</Filter>
    </ClCompile>
    <ClCompile Include="Vector2D.cpp">
      <Filter>Fichiers sources</Filter>
    </ClCompile>
    <ClCompile Include="Collision.cpp">
      <Filter>Fichiers sources</Filter>
    </ClCompile>
    <ClCompile Include="ECS.cpp">
      <Filter>Fichiers sources\ECS</Filter>
    </ClCompile>
    <ClCompile Include="Manage.cpp">
      <Filter>Fichiers sources</Filter>
    </ClCompile>
    <ClCompile Include="Level2020.cpp">
      <Filter>Fichiers sources\Level</Filter>
    </ClCompile>
    <ClCompile Include="LevelFactory.hpp">
      <Filter>Fichiers sources\Level</Filter>
    </ClCompile>
    <ClCompile Include="Level2021.cpp">
      <Filter>Fichiers sources\Level</Filter>
    </ClCompile>
    <ClCompile Include="Level2121.cpp">
      <Filter>Fichiers sources\Level</Filter>
    </ClCompile>
    <ClCompile Include="LevelLoader.hpp">
      <Filter>Fichiers d%27en-tête</Filter>
    </ClCompile>
    <ClCompile Include="Level1010.cpp">
      <Filter>Fichiers sources\Level</Filter>
    </ClCompile>
    <ClCompile Include="Level1011.cpp">
      <Filter>Fichiers sources\Level</Filter>
    </ClCompile>
    <ClCompile Include="Level1012.cpp">
      <Filter>Fichiers sources\Level</Filter>
    </ClCompile>
    <ClCompile Include="Level1110.cpp">
      <Filter>Fichiers sources\Level</Filter>
    </ClCompile>
    <ClCompile Include="Level1111.cpp">
      <Filter>Fichiers sources\Level</Filter>
    </ClCompile>
    <ClCompile Include="Level1112.cpp">
      <Filter>Fichiers sources\Level</Filter>
    </ClCompile>
    <ClCompile Include="Level1210.cpp">
      <Filter>Fichiers sources\Level</Filter>
    </ClCompile>
    <ClCompile Include="Level1211.cpp">
      <Filter>Fichiers sources\Level</Filter>
    </ClCompile>
    <ClCompile Include="Level1212.cpp">
      <Filter>Fichiers sources\Level</Filter>
    </ClCompile>
  </ItemGroup>
  <ItemGroup>
    <ClInclude Include="Game.hpp">
      <Filter>Fichiers sources</Filter>
    </ClInclude>
    <ClInclude Include="TextureManager.hpp">
      <Filter>Fichiers sources</Filter>
    </ClInclude>
    <ClInclude Include="GameObject.hpp">
      <Filter>Fichiers sources</Filter>
    </ClInclude>
    <ClInclude Include="Map.hpp">
      <Filter>Fichiers sources</Filter>
    </ClInclude>
    <ClInclude Include="resource.h">
      <Filter>Fichiers d%27en-tête</Filter>
    </ClInclude>
    <ClInclude Include="ECS.hpp">
      <Filter>Fichiers sources\ECS</Filter>
    </ClInclude>
    <ClInclude Include="Components.hpp">
      <Filter>Fichiers sources\ECS</Filter>
    </ClInclude>
    <ClInclude Include="SpriteComponent.hpp">
      <Filter>Fichiers sources\ECS</Filter>
    </ClInclude>
    <ClInclude Include="TransformComponent.hpp">
      <Filter>Fichiers sources\ECS</Filter>
    </ClInclude>
    <ClInclude Include="Vector2D.hpp">
      <Filter>Fichiers sources</Filter>
    </ClInclude>
    <ClInclude Include="KeyboardController.hpp">
      <Filter>Fichiers sources\ECS</Filter>
    </ClInclude>
    <ClInclude Include="ColliderComponent.hpp">
      <Filter>Fichiers sources\ECS</Filter>
    </ClInclude>
    <ClInclude Include="Collision.hpp">
      <Filter>Fichiers sources</Filter>
    </ClInclude>
    <ClInclude Include="TileComponent.hpp">
      <Filter>Fichiers sources\ECS</Filter>
    </ClInclude>
    <ClInclude Include="Animation.hpp">
      <Filter>Fichiers sources\ECS</Filter>
    </ClInclude>
    <ClInclude Include="Manage.hpp">
      <Filter>Fichiers sources</Filter>
    </ClInclude>
    <ClInclude Include="Utils.hpp">
      <Filter>Fichiers sources</Filter>
    </ClInclude>
    <ClInclude Include="Level.hpp">
      <Filter>Fichiers sources\Level</Filter>
    </ClInclude>
    <ClInclude Include="PlantsComponent.hpp">
      <Filter>Fichiers sources\ECS</Filter>
    </ClInclude>
    <ClInclude Include="PropsComponent.hpp">
      <Filter>Fichiers sources\ECS</Filter>
    </ClInclude>
    <ClInclude Include="WallsComponent.hpp">
      <Filter>Fichiers sources\ECS</Filter>
    </ClInclude>
  </ItemGroup>
  <ItemGroup>
    <ResourceCompile Include="SpaceShit.rc">
      <Filter>Fichiers de ressources</Filter>
    </ResourceCompile>
  </ItemGroup>
</Project>